// !$*UTF8*$!
{
	archiveVersion = 1;
	classes = {
	};
	objectVersion = 48;
	objects = {

/* Begin PBXBuildFile section */
		92E0DF6420053FBA00141AF2 /* AppDelegate.swift in Sources */ = {isa = PBXBuildFile; fileRef = 92E0DF6320053FBA00141AF2 /* AppDelegate.swift */; };
		92E0DF6620053FBA00141AF2 /* ViewController.swift in Sources */ = {isa = PBXBuildFile; fileRef = 92E0DF6520053FBA00141AF2 /* ViewController.swift */; };
		92E0DF6920053FBA00141AF2 /* Main.storyboard in Resources */ = {isa = PBXBuildFile; fileRef = 92E0DF6720053FBA00141AF2 /* Main.storyboard */; };
		92E0DF6B20053FBA00141AF2 /* Assets.xcassets in Resources */ = {isa = PBXBuildFile; fileRef = 92E0DF6A20053FBA00141AF2 /* Assets.xcassets */; };
		92E0DF6E20053FBA00141AF2 /* LaunchScreen.storyboard in Resources */ = {isa = PBXBuildFile; fileRef = 92E0DF6C20053FBA00141AF2 /* LaunchScreen.storyboard */; };
		92E0DF772005464E00141AF2 /* CalculatorUtility.swift in Sources */ = {isa = PBXBuildFile; fileRef = 92E0DF762005464E00141AF2 /* CalculatorUtility.swift */; };
/* End PBXBuildFile section */

/* Begin PBXFileReference section */
		92E0DF6020053FBA00141AF2 /* Auto-Layout Calculator.app */ = {isa = PBXFileReference; explicitFileType = wrapper.application; includeInIndex = 0; path = "Auto-Layout Calculator.app"; sourceTree = BUILT_PRODUCTS_DIR; };
		92E0DF6320053FBA00141AF2 /* AppDelegate.swift */ = {isa = PBXFileReference; lastKnownFileType = sourcecode.swift; path = AppDelegate.swift; sourceTree = "<group>"; };
		92E0DF6520053FBA00141AF2 /* ViewController.swift */ = {isa = PBXFileReference; lastKnownFileType = sourcecode.swift; path = ViewController.swift; sourceTree = "<group>"; };
		92E0DF6820053FBA00141AF2 /* Base */ = {isa = PBXFileReference; lastKnownFileType = file.storyboard; name = Base; path = Base.lproj/Main.storyboard; sourceTree = "<group>"; };
		92E0DF6A20053FBA00141AF2 /* Assets.xcassets */ = {isa = PBXFileReference; lastKnownFileType = folder.assetcatalog; path = Assets.xcassets; sourceTree = "<group>"; };
		92E0DF6D20053FBA00141AF2 /* Base */ = {isa = PBXFileReference; lastKnownFileType = file.storyboard; name = Base; path = Base.lproj/LaunchScreen.storyboard; sourceTree = "<group>"; };
		92E0DF6F20053FBA00141AF2 /* Info.plist */ = {isa = PBXFileReference; lastKnownFileType = text.plist.xml; path = Info.plist; sourceTree = "<group>"; };
		92E0DF762005464E00141AF2 /* CalculatorUtility.swift */ = {isa = PBXFileReference; lastKnownFileType = sourcecode.swift; path = CalculatorUtility.swift; sourceTree = "<group>"; };
/* End PBXFileReference section */

/* Begin PBXFrameworksBuildPhase section */
		92E0DF5D20053FBA00141AF2 /* Frameworks */ = {
			isa = PBXFrameworksBuildPhase;
			buildActionMask = 2147483647;
			files = (
			);
			runOnlyForDeploymentPostprocessing = 0;
		};
/* End PBXFrameworksBuildPhase section */

/* Begin PBXGroup section */
		92E0DF5720053FBA00141AF2 = {
			isa = PBXGroup;
			children = (
				92E0DF6220053FBA00141AF2 /* Auto-Layout Calculator */,
				92E0DF6120053FBA00141AF2 /* Products */,
			);
			sourceTree = "<group>";
		};
		92E0DF6120053FBA00141AF2 /* Products */ = {
			isa = PBXGroup;
			children = (
				92E0DF6020053FBA00141AF2 /* Auto-Layout Calculator.app */,
			);
			name = Products;
			sourceTree = "<group>";
		};
		92E0DF6220053FBA00141AF2 /* Auto-Layout Calculator */ = {
			isa = PBXGroup;
			children = (
				92E0DF752005462400141AF2 /* Utility */,
				92E0DF6320053FBA00141AF2 /* AppDelegate.swift */,
				92E0DF6520053FBA00141AF2 /* ViewController.swift */,
				92E0DF6720053FBA00141AF2 /* Main.storyboard */,
				92E0DF6A20053FBA00141AF2 /* Assets.xcassets */,
				92E0DF6C20053FBA00141AF2 /* LaunchScreen.storyboard */,
				92E0DF6F20053FBA00141AF2 /* Info.plist */,
			);
			path = "Auto-Layout Calculator";
			sourceTree = "<group>";
		};
		92E0DF752005462400141AF2 /* Utility */ = {
			isa = PBXGroup;
			children = (
				92E0DF762005464E00141AF2 /* CalculatorUtility.swift */,
			);
			path = Utility;
			sourceTree = "<group>";
		};
/* End PBXGroup section */

/* Begin PBXNativeTarget section */
		92E0DF5F20053FBA00141AF2 /* Auto-Layout Calculator */ = {
			isa = PBXNativeTarget;
			buildConfigurationList = 92E0DF7220053FBA00141AF2 /* Build configuration list for PBXNativeTarget "Auto-Layout Calculator" */;
			buildPhases = (
				92E0DF5C20053FBA00141AF2 /* Sources */,
				92E0DF5D20053FBA00141AF2 /* Frameworks */,
				92E0DF5E20053FBA00141AF2 /* Resources */,
			);
			buildRules = (
			);
			dependencies = (
			);
			name = "Auto-Layout Calculator";
			productName = "Auto-Layout Calculator";
			productReference = 92E0DF6020053FBA00141AF2 /* Auto-Layout Calculator.app */;
			productType = "com.apple.product-type.application";
		};
/* End PBXNativeTarget section */

/* Begin PBXProject section */
		92E0DF5820053FBA00141AF2 /* Project object */ = {
			isa = PBXProject;
			attributes = {
				LastSwiftUpdateCheck = 0920;
				LastUpgradeCheck = 0920;
				ORGANIZATIONNAME = "Anthony Krivonos";
				TargetAttributes = {
					92E0DF5F20053FBA00141AF2 = {
						CreatedOnToolsVersion = 9.2;
						ProvisioningStyle = Automatic;
					};
				};
			};
			buildConfigurationList = 92E0DF5B20053FBA00141AF2 /* Build configuration list for PBXProject "Auto-Layout Calculator" */;
			compatibilityVersion = "Xcode 8.0";
			developmentRegion = en;
			hasScannedForEncodings = 0;
			knownRegions = (
				en,
				Base,
			);
			mainGroup = 92E0DF5720053FBA00141AF2;
			productRefGroup = 92E0DF6120053FBA00141AF2 /* Products */;
			projectDirPath = "";
			projectRoot = "";
			targets = (
				92E0DF5F20053FBA00141AF2 /* Auto-Layout Calculator */,
			);
		};
/* End PBXProject section */

/* Begin PBXResourcesBuildPhase section */
		92E0DF5E20053FBA00141AF2 /* Resources */ = {
			isa = PBXResourcesBuildPhase;
			buildActionMask = 2147483647;
			files = (
				92E0DF6E20053FBA00141AF2 /* LaunchScreen.storyboard in Resources */,
				92E0DF6B20053FBA00141AF2 /* Assets.xcassets in Resources */,
				92E0DF6920053FBA00141AF2 /* Main.storyboard in Resources */,
			);
			runOnlyForDeploymentPostprocessing = 0;
		};
/* End PBXResourcesBuildPhase section */

/* Begin PBXSourcesBuildPhase section */
		92E0DF5C20053FBA00141AF2 /* Sources */ = {
			isa = PBXSourcesBuildPhase;
			buildActionMask = 2147483647;
			files = (
				92E0DF6620053FBA00141AF2 /* ViewController.swift in Sources */,
				92E0DF6420053FBA00141AF2 /* AppDelegate.swift in Sources */,
				92E0DF772005464E00141AF2 /* CalculatorUtility.swift in Sources */,
			);
			runOnlyForDeploymentPostprocessing = 0;
		};
/* End PBXSourcesBuildPhase section */

/* Begin PBXVariantGroup section */
		92E0DF6720053FBA00141AF2 /* Main.storyboard */ = {
			isa = PBXVariantGroup;
			children = (
				92E0DF6820053FBA00141AF2 /* Base */,
			);
			name = Main.storyboard;
			sourceTree = "<group>";
		};
		92E0DF6C20053FBA00141AF2 /* LaunchScreen.storyboard */ = {
			isa = PBXVariantGroup;
			children = (
				92E0DF6D20053FBA00141AF2 /* Base */,
			);
			name = LaunchScreen.storyboard;
			sourceTree = "<group>";
		};
/* End PBXVariantGroup section */

/* Begin XCBuildConfiguration section */
		92E0DF7020053FBA00141AF2 /* Debug */ = {
			isa = XCBuildConfiguration;
			buildSettings = {
				ALWAYS_SEARCH_USER_PATHS = NO;
				CLANG_ANALYZER_NONNULL = YES;
				CLANG_ANALYZER_NUMBER_OBJECT_CONVERSION = YES_AGGRESSIVE;
				CLANG_CXX_LANGUAGE_STANDARD = "gnu++14";
				CLANG_CXX_LIBRARY = "libc++";
				CLANG_ENABLE_MODULES = YES;
				CLANG_ENABLE_OBJC_ARC = YES;
				CLANG_WARN_BLOCK_CAPTURE_AUTORELEASING = YES;
				CLANG_WARN_BOOL_CONVERSION = YES;
				CLANG_WARN_COMMA = YES;
				CLANG_WARN_CONSTANT_CONVERSION = YES;
				CLANG_WARN_DIRECT_OBJC_ISA_USAGE = YES_ERROR;
				CLANG_WARN_DOCUMENTATION_COMMENTS = YES;
				CLANG_WARN_EMPTY_BODY = YES;
				CLANG_WARN_ENUM_CONVERSION = YES;
				CLANG_WARN_INFINITE_RECURSION = YES;
				CLANG_WARN_INT_CONVERSION = YES;
				CLANG_WARN_NON_LITERAL_NULL_CONVERSION = YES;
				CLANG_WARN_OBJC_LITERAL_CONVERSION = YES;
				CLANG_WARN_OBJC_ROOT_CLASS = YES_ERROR;
				CLANG_WARN_RANGE_LOOP_ANALYSIS = YES;
				CLANG_WARN_STRICT_PROTOTYPES = YES;
				CLANG_WARN_SUSPICIOUS_MOVE = YES;
				CLANG_WARN_UNGUARDED_AVAILABILITY = YES_AGGRESSIVE;
				CLANG_WARN_UNREACHABLE_CODE = YES;
				CLANG_WARN__DUPLICATE_METHOD_MATCH = YES;
				CODE_SIGN_IDENTITY = "iPhone Developer";
				COPY_PHASE_STRIP = NO;
				DEBUG_INFORMATION_FORMAT = dwarf;
				ENABLE_STRICT_OBJC_MSGSEND = YES;
				ENABLE_TESTABILITY = YES;
				GCC_C_LANGUAGE_STANDARD = gnu11;
				GCC_DYNAMIC_NO_PIC = NO;
				GCC_NO_COMMON_BLOCKS = YES;
				GCC_OPTIMIZATION_LEVEL = 0;
				GCC_PREPROCESSOR_DEFINITIONS = (
					"DEBUG=1",
					"$(inherited)",
				);
				GCC_WARN_64_TO_32_BIT_CONVERSION = YES;
				GCC_WARN_ABOUT_RETURN_TYPE = YES_ERROR;
				GCC_WARN_UNDECLARED_SELECTOR = YES;
				GCC_WARN_UNINITIALIZED_AUTOS = YES_AGGRESSIVE;
				GCC_WARN_UNUSED_FUNCTION = YES;
				GCC_WARN_UNUSED_VARIABLE = YES;
				IPHONEOS_DEPLOYMENT_TARGET = 11.2;
				MTL_ENABLE_DEBUG_INFO = YES;
				ONLY_ACTIVE_ARCH = YES;
				SDKROOT = iphoneos;
				SWIFT_ACTIVE_COMPILATION_CONDITIONS = DEBUG;
				SWIFT_OPTIMIZATION_LEVEL = "-Onone";
			};
			name = Debug;
		};
		92E0DF7120053FBA00141AF2 /* Release */ = {
			isa = XCBuildConfiguration;
			buildSettings = {
				ALWAYS_SEARCH_USER_PATHS = NO;
				CLANG_ANALYZER_NONNULL = YES;
				CLANG_ANALYZER_NUMBER_OBJECT_CONVERSION = YES_AGGRESSIVE;
				CLANG_CXX_LANGUAGE_STANDARD = "gnu++14";
				CLANG_CXX_LIBRARY = "libc++";
				CLANG_ENABLE_MODULES = YES;
				CLANG_ENABLE_OBJC_ARC = YES;
				CLANG_WARN_BLOCK_CAPTURE_AUTORELEASING = YES;
				CLANG_WARN_BOOL_CONVERSION = YES;
				CLANG_WARN_COMMA = YES;
				CLANG_WARN_CONSTANT_CONVERSION = YES;
				CLANG_WARN_DIRECT_OBJC_ISA_USAGE = YES_ERROR;
				CLANG_WARN_DOCUMENTATION_COMMENTS = YES;
				CLANG_WARN_EMPTY_BODY = YES;
				CLANG_WARN_ENUM_CONVERSION = YES;
				CLANG_WARN_INFINITE_RECURSION = YES;
				CLANG_WARN_INT_CONVERSION = YES;
				CLANG_WARN_NON_LITERAL_NULL_CONVERSION = YES;
				CLANG_WARN_OBJC_LITERAL_CONVERSION = YES;
				CLANG_WARN_OBJC_ROOT_CLASS = YES_ERROR;
				CLANG_WARN_RANGE_LOOP_ANALYSIS = YES;
				CLANG_WARN_STRICT_PROTOTYPES = YES;
				CLANG_WARN_SUSPICIOUS_MOVE = YES;
				CLANG_WARN_UNGUARDED_AVAILABILITY = YES_AGGRESSIVE;
				CLANG_WARN_UNREACHABLE_CODE = YES;
				CLANG_WARN__DUPLICATE_METHOD_MATCH = YES;
				CODE_SIGN_IDENTITY = "iPhone Developer";
				COPY_PHASE_STRIP = NO;
				DEBUG_INFORMATION_FORMAT = "dwarf-with-dsym";
				ENABLE_NS_ASSERTIONS = NO;
				ENABLE_STRICT_OBJC_MSGSEND = YES;
				GCC_C_LANGUAGE_STANDARD = gnu11;
				GCC_NO_COMMON_BLOCKS = YES;
				GCC_WARN_64_TO_32_BIT_CONVERSION = YES;
				GCC_WARN_ABOUT_RETURN_TYPE = YES_ERROR;
				GCC_WARN_UNDECLARED_SELECTOR = YES;
				GCC_WARN_UNINITIALIZED_AUTOS = YES_AGGRESSIVE;
				GCC_WARN_UNUSED_FUNCTION = YES;
				GCC_WARN_UNUSED_VARIABLE = YES;
				IPHONEOS_DEPLOYMENT_TARGET = 11.2;
				MTL_ENABLE_DEBUG_INFO = NO;
				SDKROOT = iphoneos;
				SWIFT_OPTIMIZATION_LEVEL = "-Owholemodule";
				VALIDATE_PRODUCT = YES;
			};
			name = Release;
		};
		92E0DF7320053FBA00141AF2 /* Debug */ = {
			isa = XCBuildConfiguration;
			buildSettings = {
				ASSETCATALOG_COMPILER_APPICON_NAME = AppIcon;
				CODE_SIGN_STYLE = Automatic;
				DEVELOPMENT_TEAM = Y2744KC4DW;
				INFOPLIST_FILE = "Auto-Layout Calculator/Info.plist";
				LD_RUNPATH_SEARCH_PATHS = "$(inherited) @executable_path/Frameworks";
				PRODUCT_BUNDLE_IDENTIFIER = "com.anthonykrivonos.Auto-Layout-Calculator";
				PRODUCT_NAME = "$(TARGET_NAME)";
				SWIFT_VERSION = 4.0;
				TARGETED_DEVICE_FAMILY = "1,2";
			};
			name = Debug;
		};
		92E0DF7420053FBA00141AF2 /* Release */ = {
			isa = XCBuildConfiguration;
			buildSettings = {
				ASSETCATALOG_COMPILER_APPICON_NAME = AppIcon;
				CODE_SIGN_STYLE = Automatic;
				DEVELOPMENT_TEAM = Y2744KC4DW;
				INFOPLIST_FILE = "Auto-Layout Calculator/Info.plist";
				LD_RUNPATH_SEARCH_PATHS = "$(inherited) @executable_path/Frameworks";
				PRODUCT_BUNDLE_IDENTIFIER = "com.anthonykrivonos.Auto-Layout-Calculator";
				PRODUCT_NAME = "$(TARGET_NAME)";
				SWIFT_VERSION = 4.0;
				TARGETED_DEVICE_FAMILY = "1,2";
			};
			name = Release;
		};
/* End XCBuildConfiguration section */

/* Begin XCConfigurationList section */
		92E0DF5B20053FBA00141AF2 /* Build configuration list for PBXProject "Auto-Layout Calculator" */ = {
			isa = XCConfigurationList;
			buildConfigurations = (
				92E0DF7020053FBA00141AF2 /* Debug */,
				92E0DF7120053FBA00141AF2 /* Release */,
			);
			defaultConfigurationIsVisible = 0;
			defaultConfigurationName = Release;
		};
		92E0DF7220053FBA00141AF2 /* Build configuration list for PBXNativeTarget "Auto-Layout Calculator" */ = {
			isa = XCConfigurationList;
			buildConfigurations = (
				92E0DF7320053FBA00141AF2 /* Debug */,
				92E0DF7420053FBA00141AF2 /* Release */,
			);
			defaultConfigurationIsVisible = 0;
			defaultConfigurationName = Release;
		};
/* End XCConfigurationList section */
	};
	rootObject = 92E0DF5820053FBA00141AF2 /* Project object */;
}
